
Microsoft Visual Studio Solution File, Format Version 12.00
# Visual Studio 15
VisualStudioVersion = 15.0.26228.12
MinimumVisualStudioVersion = 10.0.40219.1
Project("{FAE04EC0-301F-11D3-BF4B-00C04F79EFBC}") = "01. 1. Distinct List", "01. 1. Distinct List\01. 1. Distinct List.csproj", "{D187D315-1839-48F6-AEAD-058D8B216889}"
EndProject
Project("{FAE04EC0-301F-11D3-BF4B-00C04F79EFBC}") = "02. Integer Insertion", "02. Integer Insertion\02. Integer Insertion.csproj", "{BD80DEAC-BA2B-4650-AFBA-6AF7BDE497C7}"
EndProject
Project("{FAE04EC0-301F-11D3-BF4B-00C04F79EFBC}") = "ConsoleApp1", "ConsoleApp1\ConsoleApp1.csproj", "{66D0F8D4-D5A0-45CF-A0BA-D652B7727CE5}"
EndProject
Project("{FAE04EC0-301F-11D3-BF4B-00C04F79EFBC}") = "04. Ununion Lists", "04. Ununion Lists\04. Ununion Lists.csproj", "{5C943B51-C32E-4FF0-95C9-3C76CF86150A}"
EndProject
Project("{FAE04EC0-301F-11D3-BF4B-00C04F79EFBC}") = "05. NoteStatistics", "05. NoteStatistics\05. NoteStatistics.csproj", "{7DF7B546-A5F4-4FFC-987D-531218875A87}"
EndProject
Global
	GlobalSection(SolutionConfigurationPlatforms) = preSolution
		Debug|Any CPU = Debug|Any CPU
		Release|Any CPU = Release|Any CPU
	EndGlobalSection
	GlobalSection(ProjectConfigurationPlatforms) = postSolution
		{D187D315-1839-48F6-AEAD-058D8B216889}.Debug|Any CPU.ActiveCfg = Debug|Any CPU
		{D187D315-1839-48F6-AEAD-058D8B216889}.Debug|Any CPU.Build.0 = Debug|Any CPU
		{D187D315-1839-48F6-AEAD-058D8B216889}.Release|Any CPU.ActiveCfg = Release|Any CPU
		{D187D315-1839-48F6-AEAD-058D8B216889}.Release|Any CPU.Build.0 = Release|Any CPU
		{BD80DEAC-BA2B-4650-AFBA-6AF7BDE497C7}.Debug|Any CPU.ActiveCfg = Debug|Any CPU
		{BD80DEAC-BA2B-4650-AFBA-6AF7BDE497C7}.Debug|Any CPU.Build.0 = Debug|Any CPU
		{BD80DEAC-BA2B-4650-AFBA-6AF7BDE497C7}.Release|Any CPU.ActiveCfg = Release|Any CPU
		{BD80DEAC-BA2B-4650-AFBA-6AF7BDE497C7}.Release|Any CPU.Build.0 = Release|Any CPU
		{66D0F8D4-D5A0-45CF-A0BA-D652B7727CE5}.Debug|Any CPU.ActiveCfg = Debug|Any CPU
		{66D0F8D4-D5A0-45CF-A0BA-D652B7727CE5}.Debug|Any CPU.Build.0 = Debug|Any CPU
		{66D0F8D4-D5A0-45CF-A0BA-D652B7727CE5}.Release|Any CPU.ActiveCfg = Release|Any CPU
		{66D0F8D4-D5A0-45CF-A0BA-D652B7727CE5}.Release|Any CPU.Build.0 = Release|Any CPU
		{5C943B51-C32E-4FF0-95C9-3C76CF86150A}.Debug|Any CPU.ActiveCfg = Debug|Any CPU
		{5C943B51-C32E-4FF0-95C9-3C76CF86150A}.Debug|Any CPU.Build.0 = Debug|Any CPU
		{5C943B51-C32E-4FF0-95C9-3C76CF86150A}.Release|Any CPU.ActiveCfg = Release|Any CPU
		{5C943B51-C32E-4FF0-95C9-3C76CF86150A}.Release|Any CPU.Build.0 = Release|Any CPU
		{7DF7B546-A5F4-4FFC-987D-531218875A87}.Debug|Any CPU.ActiveCfg = Debug|Any CPU
		{7DF7B546-A5F4-4FFC-987D-531218875A87}.Debug|Any CPU.Build.0 = Debug|Any CPU
		{7DF7B546-A5F4-4FFC-987D-531218875A87}.Release|Any CPU.ActiveCfg = Release|Any CPU
		{7DF7B546-A5F4-4FFC-987D-531218875A87}.Release|Any CPU.Build.0 = Release|Any CPU
	EndGlobalSection
	GlobalSection(SolutionProperties) = preSolution
		HideSolutionNode = FALSE
	EndGlobalSection
EndGlobal
